
Microsoft Visual Studio Solution File, Format Version 12.00
# Visual Studio 14
VisualStudioVersion = 14.0.23107.0
MinimumVisualStudioVersion = 10.0.40219.1
Project("{FAE04EC0-301F-11D3-BF4B-00C04F79EFBC}") = "RichardSzalay.Web.Deployment.WindowsService", "RichardSzalay.Web.Deployment.WindowsService\RichardSzalay.Web.Deployment.WindowsService.csproj", "{E373DB21-952D-4E0C-801F-DE6A6A3B803A}"
EndProject
Global
	GlobalSection(SolutionConfigurationPlatforms) = preSolution
		Debug|Any CPU = Debug|Any CPU
		Release|Any CPU = Release|Any CPU
	EndGlobalSection
	GlobalSection(ProjectConfigurationPlatforms) = postSolution
		{E373DB21-952D-4E0C-801F-DE6A6A3B803A}.Debug|Any CPU.ActiveCfg = Debug|Any CPU
		{E373DB21-952D-4E0C-801F-DE6A6A3B803A}.Debug|Any CPU.Build.0 = Debug|Any CPU
		{E373DB21-952D-4E0C-801F-DE6A6A3B803A}.Release|Any CPU.ActiveCfg = Release|Any CPU
		{E373DB21-952D-4E0C-801F-DE6A6A3B803A}.Release|Any CPU.Build.0 = Release|Any CPU
	EndGlobalSection
	GlobalSection(SolutionProperties) = preSolution
		HideSolutionNode = FALSE
	EndGlobalSection
EndGlobal
